{
    "_readme": [
        "This file locks the dependencies of your project to a known state",
        "Read more about it at http://getcomposer.org/doc/01-basic-usage.md#composer-lock-the-lock-file",
        "This file is @generated automatically"
    ],
    "hash": "bbed38dcc28dd21c7fe4a167035d0684",
    "packages": [
        {
            "name": "composer/composer",
            "version": "dev-master",
            "source": {
                "type": "git",
                "url": "https://github.com/composer/composer.git",
                "reference": "ffffab37a294f3383c812d0329623f0a4ba45387"
            },
            "dist": {
                "type": "zip",
                "url": "https://api.github.com/repos/composer/composer/zipball/ffffab37a294f3383c812d0329623f0a4ba45387",
                "reference": "ffffab37a294f3383c812d0329623f0a4ba45387",
                "shasum": ""
            },
            "require": {
                "justinrainbow/json-schema": "~1.1",
                "php": ">=5.3.2",
                "seld/jsonlint": "1.*",
                "symfony/console": "~2.3",
                "symfony/finder": "~2.2",
                "symfony/process": "~2.1"
            },
            "require-dev": {
                "phpunit/phpunit": "~3.7"
            },
            "suggest": {
                "ext-openssl": "Enabling the openssl extension allows you to access https URLs for repositories and packages",
                "ext-zip": "Enabling the zip extension allows you to unzip archives, and allows gzip compression of all internet traffic"
            },
            "bin": [
                "bin/composer"
            ],
            "type": "library",
            "extra": {
                "branch-alias": {
                    "dev-master": "1.0-dev"
                }
            },
            "autoload": {
                "psr-0": {
                    "Composer": "src/"
                }
            },
            "notification-url": "https://packagist.org/downloads/",
            "license": [
                "MIT"
            ],
            "authors": [
                {
                    "name": "Nils Adermann",
                    "email": "naderman@naderman.de",
                    "homepage": "http://www.naderman.de"
                },
                {
                    "name": "Jordi Boggiano",
                    "email": "j.boggiano@seld.be",
                    "homepage": "http://seld.be"
                }
            ],
            "description": "Composer helps you declare, manage and install dependencies of PHP projects, ensuring you have the right stack everywhere.",
            "homepage": "http://getcomposer.org/",
            "keywords": [
                "autoload",
                "dependency",
                "package"
            ],
            "time": "2014-11-05 06:04:18"
        },
        {
            "name": "dflydev/embedded-composer-core",
            "version": "dev-master",
            "target-dir": "Dflydev/EmbeddedComposer/Core",
            "source": {
                "type": "git",
                "url": "https://github.com/dflydev/dflydev-embedded-composer-core.git",
                "reference": "7b6b6c21972a562c53a29c892933971e8306ac2c"
            },
            "dist": {
                "type": "zip",
                "url": "https://api.github.com/repos/dflydev/dflydev-embedded-composer-core/zipball/7b6b6c21972a562c53a29c892933971e8306ac2c",
                "reference": "7b6b6c21972a562c53a29c892933971e8306ac2c",
                "shasum": ""
            },
            "require": {
                "composer/composer": "1.0.*@dev",
                "php": ">=5.3.2",
                "seld/jsonlint": "1.*",
                "symfony/console": "~2.3@dev"
            },
            "type": "library",
            "extra": {
                "branch-alias": {
                    "dev-master": "1.0-dev"
                }
            },
            "autoload": {
                "psr-0": {
                    "Dflydev\\EmbeddedComposer\\Core": ""
                }
            },
            "notification-url": "https://packagist.org/downloads/",
            "license": [
                "MIT"
            ],
            "authors": [
                {
                    "name": "Dragonfly Development Inc.",
                    "email": "info@dflydev.com",
                    "homepage": "http://dflydev.com"
                },
                {
                    "name": "Beau Simensen",
                    "email": "beau@dflydev.com",
                    "homepage": "http://beausimensen.com"
                }
            ],
            "description": "Embed Composer core",
            "keywords": [
                "composer",
                "embedded",
                "extensibility"
            ],
            "time": "2014-09-17 04:17:07"
        },
        {
            "name": "justinrainbow/json-schema",
            "version": "dev-master",
            "source": {
                "type": "git",
                "url": "https://github.com/justinrainbow/json-schema.git",
                "reference": "87b54b460febed69726c781ab67462084e97a105"
            },
            "dist": {
                "type": "zip",
                "url": "https://api.github.com/repos/justinrainbow/json-schema/zipball/87b54b460febed69726c781ab67462084e97a105",
                "reference": "87b54b460febed69726c781ab67462084e97a105",
                "shasum": ""
            },
            "require": {
                "php": ">=5.3.0"
            },
            "require-dev": {
                "json-schema/json-schema-test-suite": "1.1.0",
                "phpdocumentor/phpdocumentor": "~2",
                "phpunit/phpunit": "~3.7"
            },
            "bin": [
                "bin/validate-json"
            ],
            "type": "library",
            "extra": {
                "branch-alias": {
                    "dev-master": "1.4.x-dev"
                }
            },
            "autoload": {
                "psr-0": {
                    "JsonSchema": "src/"
                }
            },
            "notification-url": "https://packagist.org/downloads/",
            "license": [
                "BSD-3-Clause"
            ],
            "authors": [
                {
                    "name": "Bruno Prieto Reis",
                    "email": "bruno.p.reis@gmail.com"
                },
                {
                    "name": "Justin Rainbow",
                    "email": "justin.rainbow@gmail.com"
                },
                {
                    "name": "Igor Wiedler",
                    "email": "igor@wiedler.ch"
                },
                {
                    "name": "Robert Schönthal",
                    "email": "seroscho@googlemail.com"
                }
            ],
            "description": "A library to validate a json schema.",
            "homepage": "https://github.com/justinrainbow/json-schema",
            "keywords": [
                "json",
                "schema"
            ],
            "time": "2014-08-25 02:48:14"
        },
        {
            "name": "michelf/php-markdown",
            "version": "dev-lib",
            "source": {
                "type": "git",
                "url": "https://github.com/michelf/php-markdown.git",
                "reference": "a8c56ecd5e9e7c7d37d00c814c864c3bc8b32694"
            },
            "dist": {
                "type": "zip",
                "url": "https://api.github.com/repos/michelf/php-markdown/zipball/a8c56ecd5e9e7c7d37d00c814c864c3bc8b32694",
                "reference": "a8c56ecd5e9e7c7d37d00c814c864c3bc8b32694",
                "shasum": ""
            },
            "require": {
                "php": ">=5.3.0"
            },
            "type": "library",
            "extra": {
                "branch-alias": {
                    "dev-lib": "1.4.x-dev"
                }
            },
            "autoload": {
                "psr-0": {
                    "Michelf": ""
                }
            },
            "notification-url": "https://packagist.org/downloads/",
            "license": [
                "BSD-3-Clause"
            ],
            "authors": [
                {
                    "name": "Michel Fortin",
                    "email": "michel.fortin@michelf.ca",
                    "homepage": "http://michelf.ca/",
                    "role": "Developer"
                },
                {
                    "name": "John Gruber",
                    "homepage": "http://daringfireball.net/"
                }
            ],
            "description": "PHP Markdown",
            "homepage": "http://michelf.ca/projects/php-markdown/",
            "keywords": [
                "markdown"
            ],
            "time": "2014-08-10 19:25:52"
        },
        {
            "name": "pimple/pimple",
            "version": "1.1.x-dev",
            "source": {
                "type": "git",
                "url": "https://github.com/silexphp/Pimple.git",
                "reference": "bc2fc12cdf1f29bcad9e650d493a54a8fd1f3d85"
            },
            "dist": {
                "type": "zip",
                "url": "https://api.github.com/repos/silexphp/Pimple/zipball/bc2fc12cdf1f29bcad9e650d493a54a8fd1f3d85",
                "reference": "bc2fc12cdf1f29bcad9e650d493a54a8fd1f3d85",
                "shasum": ""
            },
            "require": {
                "php": ">=5.3.0"
            },
            "type": "library",
            "extra": {
                "branch-alias": {
                    "dev-master": "1.1.x-dev"
                }
            },
            "autoload": {
                "psr-0": {
                    "Pimple": "lib/"
                }
            },
            "notification-url": "https://packagist.org/downloads/",
            "license": [
                "MIT"
            ],
            "authors": [
                {
                    "name": "Fabien Potencier",
                    "email": "fabien@symfony.com"
                }
            ],
            "description": "Pimple is a simple Dependency Injection Container for PHP 5.3",
            "homepage": "http://pimple.sensiolabs.org",
            "keywords": [
                "container",
                "dependency injection"
            ],
            "time": "2014-04-20 07:24:09"
        },
        {
            "name": "psr/log",
            "version": "dev-master",
            "source": {
                "type": "git",
                "url": "https://github.com/php-fig/log.git",
                "reference": "a78d6504ff5d4367497785ab2ade91db3a9fbe11"
            },
            "dist": {
                "type": "zip",
                "url": "https://api.github.com/repos/php-fig/log/zipball/a78d6504ff5d4367497785ab2ade91db3a9fbe11",
                "reference": "a78d6504ff5d4367497785ab2ade91db3a9fbe11",
                "shasum": ""
            },
            "type": "library",
            "extra": {
                "branch-alias": {
                    "dev-master": "1.0.x-dev"
                }
            },
            "autoload": {
                "psr-0": {
                    "Psr\\Log\\": ""
                }
            },
            "notification-url": "https://packagist.org/downloads/",
            "license": [
                "MIT"
            ],
            "authors": [
                {
                    "name": "PHP-FIG",
                    "homepage": "http://www.php-fig.org/"
                }
            ],
            "description": "Common interface for logging libraries",
            "keywords": [
                "log",
                "psr",
                "psr-3"
            ],
            "time": "2014-01-18 15:33:09"
        },
        {
            "name": "seld/jsonlint",
            "version": "1.3.0",
            "source": {
                "type": "git",
                "url": "https://github.com/Seldaek/jsonlint.git",
                "reference": "a7bc2ec9520ad15382292591b617c43bdb1fec35"
            },
            "dist": {
                "type": "zip",
                "url": "https://api.github.com/repos/Seldaek/jsonlint/zipball/a7bc2ec9520ad15382292591b617c43bdb1fec35",
                "reference": "a7bc2ec9520ad15382292591b617c43bdb1fec35",
                "shasum": ""
            },
            "require": {
                "php": ">=5.3.0"
            },
            "bin": [
                "bin/jsonlint"
            ],
            "type": "library",
            "autoload": {
                "psr-4": {
                    "Seld\\JsonLint\\": "src/Seld/JsonLint/"
                }
            },
            "notification-url": "https://packagist.org/downloads/",
            "license": [
                "MIT"
            ],
            "authors": [
                {
                    "name": "Jordi Boggiano",
                    "email": "j.boggiano@seld.be",
                    "homepage": "http://seld.be"
                }
            ],
            "description": "JSON Linter",
            "keywords": [
                "json",
                "linter",
                "parser",
                "validator"
            ],
            "time": "2014-09-05 15:36:20"
        },
        {
            "name": "silex/silex",
            "version": "1.1.x-dev",
            "source": {
                "type": "git",
                "url": "https://github.com/silexphp/Silex.git",
                "reference": "67639888035a3e586bfdb652c15c38f22e870d89"
            },
            "dist": {
                "type": "zip",
                "url": "https://api.github.com/repos/silexphp/Silex/zipball/67639888035a3e586bfdb652c15c38f22e870d89",
                "reference": "67639888035a3e586bfdb652c15c38f22e870d89",
                "shasum": ""
            },
            "require": {
                "php": ">=5.3.3",
                "pimple/pimple": "~1.0",
                "symfony/event-dispatcher": ">=2.3,<2.5-dev",
                "symfony/http-foundation": ">=2.3,<2.5-dev",
                "symfony/http-kernel": ">=2.3,<2.5-dev",
                "symfony/routing": ">=2.3,<2.5-dev"
            },
            "require-dev": {
                "doctrine/dbal": ">=2.2.0,<2.4.0-dev",
                "monolog/monolog": "~1.4,>=1.4.1",
                "phpunit/phpunit": "~3.7",
                "swiftmailer/swiftmailer": "5.*",
                "symfony/browser-kit": ">=2.3,<2.5-dev",
                "symfony/config": ">=2.3,<2.5-dev",
                "symfony/css-selector": ">=2.3,<2.5-dev",
                "symfony/debug": ">=2.3,<2.5-dev",
                "symfony/dom-crawler": ">=2.3,<2.5-dev",
                "symfony/finder": ">=2.3,<2.5-dev",
                "symfony/form": ">=2.3,<2.5-dev",
                "symfony/locale": ">=2.3,<2.5-dev",
                "symfony/monolog-bridge": ">=2.3,<2.5-dev",
                "symfony/options-resolver": ">=2.3,<2.5-dev",
                "symfony/process": ">=2.3,<2.5-dev",
                "symfony/security": ">=2.3,<2.5-dev",
                "symfony/serializer": ">=2.3,<2.5-dev",
                "symfony/translation": ">=2.3,<2.5-dev",
                "symfony/twig-bridge": ">=2.3,<2.5-dev",
                "symfony/validator": ">=2.3,<2.5-dev",
                "twig/twig": ">=1.8.0,<2.0-dev"
            },
            "suggest": {
                "symfony/browser-kit": ">=2.3,<2.5-dev",
                "symfony/css-selector": ">=2.3,<2.5-dev",
                "symfony/dom-crawler": ">=2.3,<2.5-dev",
                "symfony/form": ">=2.3,<2.5-dev"
            },
            "type": "library",
            "extra": {
                "branch-alias": {
                    "dev-master": "1.1.x-dev"
                }
            },
            "autoload": {
                "psr-0": {
                    "Silex": "src/"
                }
            },
            "notification-url": "https://packagist.org/downloads/",
            "license": [
                "MIT"
            ],
            "authors": [
                {
                    "name": "Fabien Potencier",
                    "email": "fabien@symfony.com",
                    "homepage": "http://fabien.potencier.org",
                    "role": "Lead Developer"
                },
                {
                    "name": "Igor Wiedler",
                    "email": "igor@wiedler.ch",
                    "homepage": "http://wiedler.ch/igor/"
                }
            ],
            "description": "The PHP micro-framework based on the Symfony2 Components",
            "homepage": "http://silex.sensiolabs.org",
            "keywords": [
                "microframework"
            ],
            "time": "2014-04-15 20:52:04"
        },
        {
            "name": "symfony/config",
            "version": "2.4.x-dev",
            "target-dir": "Symfony/Component/Config",
            "source": {
                "type": "git",
                "url": "https://github.com/symfony/Config.git",
                "reference": "e8df63fbcc6efdaad430bafd1de38520c3862327"
            },
            "dist": {
                "type": "zip",
                "url": "https://api.github.com/repos/symfony/Config/zipball/e8df63fbcc6efdaad430bafd1de38520c3862327",
                "reference": "e8df63fbcc6efdaad430bafd1de38520c3862327",
                "shasum": ""
            },
            "require": {
                "php": ">=5.3.3",
                "symfony/filesystem": "~2.3"
            },
            "type": "library",
            "extra": {
                "branch-alias": {
                    "dev-master": "2.4-dev"
                }
            },
            "autoload": {
                "psr-0": {
                    "Symfony\\Component\\Config\\": ""
                }
            },
            "notification-url": "https://packagist.org/downloads/",
            "license": [
                "MIT"
            ],
            "authors": [
                {
                    "name": "Symfony Community",
                    "homepage": "http://symfony.com/contributors"
                },
                {
                    "name": "Fabien Potencier",
                    "email": "fabien@symfony.com"
                }
            ],
            "description": "Symfony Config Component",
            "homepage": "http://symfony.com",
            "time": "2014-09-23 05:24:59"
        },
        {
            "name": "symfony/console",
            "version": "2.4.x-dev",
            "target-dir": "Symfony/Component/Console",
            "source": {
                "type": "git",
                "url": "https://github.com/symfony/Console.git",
                "reference": "39dd1c85ffdfc3c5fb008019dd027af05f64ec36"
            },
            "dist": {
                "type": "zip",
                "url": "https://api.github.com/repos/symfony/Console/zipball/39dd1c85ffdfc3c5fb008019dd027af05f64ec36",
                "reference": "39dd1c85ffdfc3c5fb008019dd027af05f64ec36",
                "shasum": ""
            },
            "require": {
                "php": ">=5.3.3"
            },
            "require-dev": {
                "symfony/event-dispatcher": "~2.1"
            },
            "suggest": {
                "symfony/event-dispatcher": ""
            },
            "type": "library",
            "extra": {
                "branch-alias": {
                    "dev-master": "2.4-dev"
                }
            },
            "autoload": {
                "psr-0": {
                    "Symfony\\Component\\Console\\": ""
                }
            },
            "notification-url": "https://packagist.org/downloads/",
            "license": [
                "MIT"
            ],
            "authors": [
                {
                    "name": "Symfony Community",
                    "homepage": "http://symfony.com/contributors"
                },
                {
                    "name": "Fabien Potencier",
                    "email": "fabien@symfony.com"
                }
            ],
            "description": "Symfony Console Component",
            "homepage": "http://symfony.com",
            "time": "2014-09-22 08:51:05"
        },
        {
            "name": "symfony/debug",
            "version": "2.7.x-dev",
            "target-dir": "Symfony/Component/Debug",
            "source": {
                "type": "git",
                "url": "https://github.com/symfony/Debug.git",
                "reference": "3294ac5d6642877a091c86347e2c0169359f2f5e"
            },
            "dist": {
                "type": "zip",
                "url": "https://api.github.com/repos/symfony/Debug/zipball/3294ac5d6642877a091c86347e2c0169359f2f5e",
                "reference": "3294ac5d6642877a091c86347e2c0169359f2f5e",
                "shasum": ""
            },
            "require": {
                "php": ">=5.3.3",
                "psr/log": "~1.0"
            },
            "require-dev": {
                "symfony/http-foundation": "~2.1",
                "symfony/http-kernel": "~2.1"
            },
            "suggest": {
                "symfony/http-foundation": "",
                "symfony/http-kernel": ""
            },
            "type": "library",
            "extra": {
                "branch-alias": {
                    "dev-master": "2.7-dev"
                }
            },
            "autoload": {
                "psr-0": {
                    "Symfony\\Component\\Debug\\": ""
                }
            },
            "notification-url": "https://packagist.org/downloads/",
            "license": [
                "MIT"
            ],
            "authors": [
                {
                    "name": "Symfony Community",
                    "homepage": "http://symfony.com/contributors"
                },
                {
                    "name": "Fabien Potencier",
                    "email": "fabien@symfony.com"
                }
            ],
            "description": "Symfony Debug Component",
            "homepage": "http://symfony.com",
            "time": "2014-11-10 18:00:54"
        },
        {
            "name": "symfony/event-dispatcher",
            "version": "2.4.x-dev",
            "target-dir": "Symfony/Component/EventDispatcher",
            "source": {
                "type": "git",
                "url": "https://github.com/symfony/EventDispatcher.git",
                "reference": "7362304b252f9303e037ab47e6330f24d7ebbf50"
            },
            "dist": {
                "type": "zip",
                "url": "https://api.github.com/repos/symfony/EventDispatcher/zipball/7362304b252f9303e037ab47e6330f24d7ebbf50",
                "reference": "7362304b252f9303e037ab47e6330f24d7ebbf50",
                "shasum": ""
            },
            "require": {
                "php": ">=5.3.3"
            },
            "require-dev": {
                "symfony/dependency-injection": "~2.0"
            },
            "suggest": {
                "symfony/dependency-injection": "",
                "symfony/http-kernel": ""
            },
            "type": "library",
            "extra": {
                "branch-alias": {
                    "dev-master": "2.4-dev"
                }
            },
            "autoload": {
                "psr-0": {
                    "Symfony\\Component\\EventDispatcher\\": ""
                }
            },
            "notification-url": "https://packagist.org/downloads/",
            "license": [
                "MIT"
            ],
            "authors": [
                {
                    "name": "Symfony Community",
                    "homepage": "http://symfony.com/contributors"
                },
                {
                    "name": "Fabien Potencier",
                    "email": "fabien@symfony.com"
                }
            ],
            "description": "Symfony EventDispatcher Component",
            "homepage": "http://symfony.com",
            "time": "2014-09-22 08:51:05"
        },
        {
            "name": "symfony/filesystem",
            "version": "2.4.x-dev",
            "target-dir": "Symfony/Component/Filesystem",
            "source": {
                "type": "git",
                "url": "https://github.com/symfony/Filesystem.git",
                "reference": "97ffa3ddee844d6da12a29970edcac06dc742692"
            },
            "dist": {
                "type": "zip",
                "url": "https://api.github.com/repos/symfony/Filesystem/zipball/97ffa3ddee844d6da12a29970edcac06dc742692",
                "reference": "97ffa3ddee844d6da12a29970edcac06dc742692",
                "shasum": ""
            },
            "require": {
                "php": ">=5.3.3"
            },
            "type": "library",
            "extra": {
                "branch-alias": {
                    "dev-master": "2.4-dev"
                }
            },
            "autoload": {
                "psr-0": {
                    "Symfony\\Component\\Filesystem\\": ""
                }
            },
            "notification-url": "https://packagist.org/downloads/",
            "license": [
                "MIT"
            ],
            "authors": [
                {
                    "name": "Symfony Community",
                    "homepage": "http://symfony.com/contributors"
                },
                {
                    "name": "Fabien Potencier",
                    "email": "fabien@symfony.com"
                }
            ],
            "description": "Symfony Filesystem Component",
            "homepage": "http://symfony.com",
            "time": "2014-09-22 08:51:05"
        },
        {
            "name": "symfony/finder",
            "version": "2.4.x-dev",
            "target-dir": "Symfony/Component/Finder",
            "source": {
                "type": "git",
                "url": "https://github.com/symfony/Finder.git",
                "reference": "cd03920154bc6669f64fbabb803d24cc8629964c"
            },
            "dist": {
                "type": "zip",
                "url": "https://api.github.com/repos/symfony/Finder/zipball/cd03920154bc6669f64fbabb803d24cc8629964c",
                "reference": "cd03920154bc6669f64fbabb803d24cc8629964c",
                "shasum": ""
            },
            "require": {
                "php": ">=5.3.3"
            },
            "type": "library",
            "extra": {
                "branch-alias": {
                    "dev-master": "2.4-dev"
                }
            },
            "autoload": {
                "psr-0": {
                    "Symfony\\Component\\Finder\\": ""
                }
            },
            "notification-url": "https://packagist.org/downloads/",
            "license": [
                "MIT"
            ],
            "authors": [
                {
                    "name": "Symfony Community",
                    "homepage": "http://symfony.com/contributors"
                },
                {
                    "name": "Fabien Potencier",
                    "email": "fabien@symfony.com"
                }
            ],
            "description": "Symfony Finder Component",
            "homepage": "http://symfony.com",
            "time": "2014-09-27 08:35:25"
        },
        {
            "name": "symfony/http-foundation",
            "version": "2.4.x-dev",
            "target-dir": "Symfony/Component/HttpFoundation",
            "source": {
                "type": "git",
                "url": "https://github.com/symfony/HttpFoundation.git",
                "reference": "8e42d9536b5df05f37a9aae5761d3ee69ab95ddf"
            },
            "dist": {
                "type": "zip",
                "url": "https://api.github.com/repos/symfony/HttpFoundation/zipball/8e42d9536b5df05f37a9aae5761d3ee69ab95ddf",
                "reference": "8e42d9536b5df05f37a9aae5761d3ee69ab95ddf",
                "shasum": ""
            },
            "require": {
                "php": ">=5.3.3"
            },
            "require-dev": {
                "symfony/expression-language": "~2.4"
            },
            "type": "library",
            "extra": {
                "branch-alias": {
                    "dev-master": "2.4-dev"
                }
            },
            "autoload": {
                "psr-0": {
                    "Symfony\\Component\\HttpFoundation\\": ""
                },
                "classmap": [
                    "Symfony/Component/HttpFoundation/Resources/stubs"
                ]
            },
            "notification-url": "https://packagist.org/downloads/",
            "license": [
                "MIT"
            ],
            "authors": [
                {
                    "name": "Symfony Community",
                    "homepage": "http://symfony.com/contributors"
                },
                {
                    "name": "Fabien Potencier",
                    "email": "fabien@symfony.com"
                }
            ],
            "description": "Symfony HttpFoundation Component",
            "homepage": "http://symfony.com",
            "time": "2014-09-25 08:51:47"
        },
        {
            "name": "symfony/http-kernel",
            "version": "2.4.x-dev",
            "target-dir": "Symfony/Component/HttpKernel",
            "source": {
                "type": "git",
                "url": "https://github.com/symfony/HttpKernel.git",
                "reference": "84b1bd5433bc78cf78c19808abdd155edb4f1937"
            },
            "dist": {
                "type": "zip",
                "url": "https://api.github.com/repos/symfony/HttpKernel/zipball/84b1bd5433bc78cf78c19808abdd155edb4f1937",
                "reference": "84b1bd5433bc78cf78c19808abdd155edb4f1937",
                "shasum": ""
            },
            "require": {
                "php": ">=5.3.3",
                "psr/log": "~1.0",
                "symfony/debug": "~2.3",
                "symfony/event-dispatcher": "~2.1",
                "symfony/http-foundation": "~2.4"
            },
            "require-dev": {
                "symfony/browser-kit": "~2.2",
                "symfony/class-loader": "~2.1",
                "symfony/config": "~2.0",
                "symfony/console": "~2.2",
                "symfony/dependency-injection": "~2.0",
                "symfony/expression-language": "~2.4",
                "symfony/finder": "~2.0",
                "symfony/process": "~2.0",
                "symfony/routing": "~2.2",
                "symfony/stopwatch": "~2.2",
                "symfony/templating": "~2.2"
            },
            "suggest": {
                "symfony/browser-kit": "",
                "symfony/class-loader": "",
                "symfony/config": "",
                "symfony/console": "",
                "symfony/dependency-injection": "",
                "symfony/finder": ""
            },
            "type": "library",
            "extra": {
                "branch-alias": {
                    "dev-master": "2.4-dev"
                }
            },
            "autoload": {
                "psr-0": {
                    "Symfony\\Component\\HttpKernel\\": ""
                }
            },
            "notification-url": "https://packagist.org/downloads/",
            "license": [
                "MIT"
            ],
            "authors": [
                {
                    "name": "Symfony Community",
                    "homepage": "http://symfony.com/contributors"
                },
                {
                    "name": "Fabien Potencier",
                    "email": "fabien@symfony.com"
                }
            ],
            "description": "Symfony HttpKernel Component",
            "homepage": "http://symfony.com",
            "time": "2014-09-28 17:03:37"
        },
        {
            "name": "symfony/process",
            "version": "2.7.x-dev",
            "target-dir": "Symfony/Component/Process",
            "source": {
                "type": "git",
                "url": "https://github.com/symfony/Process.git",
                "reference": "5f5c84ca0df9bd83e394e4884f928b27db81e11b"
            },
            "dist": {
                "type": "zip",
                "url": "https://api.github.com/repos/symfony/Process/zipball/5f5c84ca0df9bd83e394e4884f928b27db81e11b",
                "reference": "5f5c84ca0df9bd83e394e4884f928b27db81e11b",
                "shasum": ""
            },
            "require": {
                "php": ">=5.3.3"
            },
            "type": "library",
            "extra": {
                "branch-alias": {
                    "dev-master": "2.7-dev"
                }
            },
            "autoload": {
                "psr-0": {
                    "Symfony\\Component\\Process\\": ""
                }
            },
            "notification-url": "https://packagist.org/downloads/",
            "license": [
                "MIT"
            ],
            "authors": [
                {
                    "name": "Symfony Community",
                    "homepage": "http://symfony.com/contributors"
                },
                {
                    "name": "Fabien Potencier",
                    "email": "fabien@symfony.com"
                }
            ],
            "description": "Symfony Process Component",
            "homepage": "http://symfony.com",
            "time": "2014-11-10 18:00:54"
        },
        {
            "name": "symfony/routing",
            "version": "2.4.x-dev",
            "target-dir": "Symfony/Component/Routing",
            "source": {
                "type": "git",
                "url": "https://github.com/symfony/Routing.git",
                "reference": "0bd97a27cfd1ad2699ad045de2a744888318a228"
            },
            "dist": {
                "type": "zip",
                "url": "https://api.github.com/repos/symfony/Routing/zipball/0bd97a27cfd1ad2699ad045de2a744888318a228",
                "reference": "0bd97a27cfd1ad2699ad045de2a744888318a228",
                "shasum": ""
            },
            "require": {
                "php": ">=5.3.3"
            },
            "require-dev": {
                "doctrine/annotations": "~1.0",
                "psr/log": "~1.0",
                "symfony/config": "~2.2",
                "symfony/expression-language": "~2.4",
                "symfony/http-foundation": "~2.3",
                "symfony/yaml": "~2.0"
            },
            "suggest": {
                "doctrine/annotations": "For using the annotation loader",
                "symfony/config": "For using the all-in-one router or any loader",
                "symfony/expression-language": "For using expression matching",
                "symfony/yaml": "For using the YAML loader"
            },
            "type": "library",
            "extra": {
                "branch-alias": {
                    "dev-master": "2.4-dev"
                }
            },
            "autoload": {
                "psr-0": {
                    "Symfony\\Component\\Routing\\": ""
                }
            },
            "notification-url": "https://packagist.org/downloads/",
            "license": [
                "MIT"
            ],
            "authors": [
                {
                    "name": "Symfony Community",
                    "homepage": "http://symfony.com/contributors"
                },
                {
                    "name": "Fabien Potencier",
                    "email": "fabien@symfony.com"
                }
            ],
            "description": "Symfony Routing Component",
            "homepage": "http://symfony.com",
            "keywords": [
                "router",
                "routing",
                "uri",
                "url"
            ],
            "time": "2014-09-22 15:28:09"
        },
        {
            "name": "symfony/yaml",
            "version": "2.4.x-dev",
            "target-dir": "Symfony/Component/Yaml",
            "source": {
                "type": "git",
                "url": "https://github.com/symfony/Yaml.git",
                "reference": "297fd84aa9377e54268e9ff74cb81377350e230f"
            },
            "dist": {
                "type": "zip",
                "url": "https://api.github.com/repos/symfony/Yaml/zipball/297fd84aa9377e54268e9ff74cb81377350e230f",
                "reference": "297fd84aa9377e54268e9ff74cb81377350e230f",
                "shasum": ""
            },
            "require": {
                "php": ">=5.3.3"
            },
            "type": "library",
            "extra": {
                "branch-alias": {
                    "dev-master": "2.4-dev"
                }
            },
            "autoload": {
                "psr-0": {
                    "Symfony\\Component\\Yaml\\": ""
                }
            },
            "notification-url": "https://packagist.org/downloads/",
            "license": [
                "MIT"
            ],
            "authors": [
                {
                    "name": "Symfony Community",
                    "homepage": "http://symfony.com/contributors"
                },
                {
                    "name": "Fabien Potencier",
                    "email": "fabien@symfony.com"
                }
            ],
            "description": "Symfony Yaml Component",
            "homepage": "http://symfony.com",
            "time": "2014-09-22 08:51:05"
        },
        {
            "name": "twig/twig",
            "version": "dev-master",
            "source": {
                "type": "git",
                "url": "https://github.com/twigphp/Twig.git",
                "reference": "b87cf88f88feee256c1e1ca85ec6677f38fcc238"
            },
            "dist": {
                "type": "zip",
                "url": "https://api.github.com/repos/twigphp/Twig/zipball/b87cf88f88feee256c1e1ca85ec6677f38fcc238",
                "reference": "b87cf88f88feee256c1e1ca85ec6677f38fcc238",
                "shasum": ""
            },
            "require": {
                "php": ">=5.2.4"
            },
            "type": "library",
            "extra": {
                "branch-alias": {
                    "dev-master": "1.16-dev"
                }
            },
            "autoload": {
                "psr-0": {
                    "Twig_": "lib/"
                }
            },
            "notification-url": "https://packagist.org/downloads/",
            "license": [
                "BSD-3-Clause"
            ],
            "authors": [
                {
                    "name": "Fabien Potencier",
                    "email": "fabien@symfony.com",
                    "homepage": "http://fabien.potencier.org",
                    "role": "Lead Developer"
                },
                {
                    "name": "Armin Ronacher",
                    "email": "armin.ronacher@active-4.com",
                    "role": "Project Founder"
                },
                {
                    "name": "Twig Team",
                    "homepage": "http://twig.sensiolabs.org/contributors",
                    "role": "Contributors"
                }
            ],
            "description": "Twig, the flexible, fast, and secure template language for PHP",
            "homepage": "http://twig.sensiolabs.org",
            "keywords": [
                "templating"
            ],
            "time": "2014-11-10 14:48:15"
        },
        {
            "name": "yosymfony/config-serviceprovider",
            "version": "dev-master",
            "source": {
                "type": "git",
                "url": "https://github.com/yosymfony/ConfigServiceProvider.git",
                "reference": "f6cb9a9fc707b6c92e0d03201e5ecc17eaee3114"
            },
            "dist": {
                "type": "zip",
                "url": "https://api.github.com/repos/yosymfony/ConfigServiceProvider/zipball/f6cb9a9fc707b6c92e0d03201e5ecc17eaee3114",
                "reference": "f6cb9a9fc707b6c92e0d03201e5ecc17eaee3114",
                "shasum": ""
            },
            "require": {
                "php": ">=5.3.0",
                "silex/silex": "~1.0",
                "symfony/config": "2.4.*@dev",
                "symfony/yaml": "2.4.*@dev",
                "yosymfony/toml": "0.2.*@dev"
            },
            "type": "library",
            "extra": {
                "branch-alias": {
                    "dev-master": "1.2-dev"
                }
            },
            "autoload": {
                "psr-0": {
                    "Yosymfony\\Silex\\ConfigServiceProvider": "src/"
                }
            },
            "notification-url": "https://packagist.org/downloads/",
            "license": [
                "MIT"
            ],
            "authors": [
                {
                    "name": "Victor Puertas",
                    "email": "vpgugr@gmail.com",
                    "homepage": "http://yosymfony.com"
                }
            ],
            "description": "A configuration ServiceProvider for Silex based on Symfony Config component with support for YAML, TOML and JSON",
            "keywords": [
                "config",
                "configuration",
                "json",
                "silex",
                "toml",
                "yaml"
            ],
            "time": "2014-06-08 09:50:59"
        },
        {
            "name": "yosymfony/spress",
            "version": "v1.0.3",
            "source": {
                "type": "git",
                "url": "https://github.com/spress/Spress.git",
                "reference": "63db02f1dc27b1227678408af2e76cf9b0f5e16e"
            },
            "dist": {
                "type": "zip",
                "url": "https://api.github.com/repos/spress/Spress/zipball/63db02f1dc27b1227678408af2e76cf9b0f5e16e",
                "reference": "63db02f1dc27b1227678408af2e76cf9b0f5e16e",
                "shasum": ""
            },
            "require": {
                "composer/composer": "1.*@dev",
                "dflydev/embedded-composer-core": "1.0.*@dev",
                "michelf/php-markdown": "1.4.*@dev",
                "php": ">=5.4",
                "silex/silex": "1.1.*@dev",
                "symfony/console": "2.4.*@dev",
                "symfony/event-dispatcher": "2.4.*@dev",
                "symfony/filesystem": "2.4.*@dev",
                "symfony/finder": "2.4.*@dev",
                "twig/twig": ">=1.8,<2.0-dev",
                "yosymfony/config-serviceprovider": ">=1.2,<2.0-dev",
                "yosymfony/spress-theme-spresso": "1.0.*@dev"
            },
            "bin": [
                "bin/spress"
            ],
            "type": "library",
            "extra": {
                "branch-alias": {
                    "dev-master": "1.0-dev"
                }
            },
            "autoload": {
                "psr-0": {
                    "Yosymfony\\Spress": "src/"
                }
            },
            "notification-url": "https://packagist.org/downloads/",
            "license": [
                "MIT"
            ],
            "authors": [
                {
                    "name": "Victor Puertas",
                    "email": "vpgugr@gmail.com",
                    "homepage": "http://yosymfony.com"
                }
            ],
            "description": "Static site generator with blogs support",
            "homepage": "http://spress.yosymfony.com",
            "keywords": [
                "blog",
                "cms",
                "html",
                "markdown",
                "silex",
                "twig",
                "web"
            ],
            "time": "2014-05-22 18:55:46"
        },
        {
            "name": "yosymfony/spress-installer",
            "version": "dev-master",
            "source": {
                "type": "git",
                "url": "https://github.com/yosymfony/Spress-installer.git",
                "reference": "d2d139a06c451b3f3ffa57b0296b616c19b07580"
            },
            "dist": {
                "type": "zip",
                "url": "https://api.github.com/repos/yosymfony/Spress-installer/zipball/d2d139a06c451b3f3ffa57b0296b616c19b07580",
                "reference": "d2d139a06c451b3f3ffa57b0296b616c19b07580",
                "shasum": ""
            },
            "require": {
                "composer-plugin-api": "*",
                "symfony/yaml": "2.4.*"
            },
            "require-dev": {
                "composer/composer": "1.*",
                "mockery/mockery": "0.8.0"
            },
            "type": "composer-plugin",
            "extra": {
                "class": "Yosymfony\\Spress\\Composer\\SpressPlugin",
                "branch-alias": {
                    "dev-master": "1.0.x-dev"
                }
            },
            "autoload": {
                "psr-0": {
                    "Yosymfony\\Spress\\Composer": [
                        "src/"
                    ]
                }
            },
            "notification-url": "https://packagist.org/downloads/",
            "license": [
                "MIT"
            ],
            "authors": [
                {
                    "name": "Victor Puertas",
                    "email": "vpgugr@gmail.com",
                    "homepage": "http://yosymfony.com"
                }
            ],
            "description": "Installer for Spress addons",
            "keywords": [
                "installer",
                "plugins",
                "spress",
                "themes"
            ],
            "time": "2014-02-22 17:35:43"
        },
        {
            "name": "yosymfony/spress-theme-spresso",
            "version": "dev-master",
            "source": {
                "type": "git",
                "url": "https://github.com/yosymfony/Spress-theme-spresso.git",
                "reference": "5e9fc0a1e84079ddd6360ced945fd48f03681b06"
            },
            "dist": {
                "type": "zip",
                "url": "https://api.github.com/repos/yosymfony/Spress-theme-spresso/zipball/5e9fc0a1e84079ddd6360ced945fd48f03681b06",
                "reference": "5e9fc0a1e84079ddd6360ced945fd48f03681b06",
                "shasum": ""
            },
            "require": {
                "yosymfony/spress-installer": ">=1.0,<2.0"
            },
            "type": "spress-theme",
            "extra": {
                "spress_name": "spresso",
                "branch-alias": {
                    "dev-master": "1.0.x-dev"
                }
            },
            "notification-url": "https://packagist.org/downloads/",
            "license": [
                "MIT"
            ],
            "authors": [
                {
                    "name": "Victor Puertas",
                    "email": "vpgugr@gmail.com",
                    "homepage": "http://yosymfony.com"
                }
            ],
            "description": "Spresso theme for Spress",
            "keywords": [
                "spress",
                "template",
                "theme"
            ],
            "time": "2014-06-07 15:58:28"
        },
        {
            "name": "yosymfony/toml",
            "version": "dev-master",
            "source": {
                "type": "git",
                "url": "https://github.com/yosymfony/Toml.git",
                "reference": "250a658548d4ec8ca5b092da0e081b9f9519b11a"
            },
            "dist": {
                "type": "zip",
                "url": "https://api.github.com/repos/yosymfony/Toml/zipball/250a658548d4ec8ca5b092da0e081b9f9519b11a",
                "reference": "250a658548d4ec8ca5b092da0e081b9f9519b11a",
                "shasum": ""
            },
            "require": {
                "php": ">=5.3.0"
            },
            "type": "library",
            "extra": {
                "branch-alias": {
                    "dev-master": "0.2-dev"
                }
            },
            "autoload": {
                "psr-0": {
                    "Yosymfony\\Toml": "src/"
                }
            },
            "notification-url": "https://packagist.org/downloads/",
            "license": [
                "MIT"
            ],
            "authors": [
                {
                    "name": "Victor Puertas",
                    "email": "vpgugr@gmail.com",
                    "homepage": "http://yosymfony.com"
                }
            ],
            "description": "A PHP parser for TOML compatible with specification 0.2.0",
            "homepage": "http://github.com/yosymfony/toml",
            "keywords": [
                "mojombo",
                "parser",
                "toml"
            ],
            "time": "2014-09-28 15:04:07"
        }
    ],
    "packages-dev": [],
    "aliases": [],
    "minimum-stability": "dev",
    "stability-flags": [],
    "prefer-stable": false,
    "platform": [],
    "platform-dev": []
}
